
Microsoft Visual Studio Solution File, Format Version 12.00
# Visual Studio Version 17
VisualStudioVersion = 17.1.31911.260
MinimumVisualStudioVersion = 10.0.40219.1
Project("{2150E333-8FDC-42A3-9474-1A3956D46DE8}") = "src", "src", "{AFAA0841-BD93-466F-B8F4-FB4EEC86F1FC}"
EndProject
Project("{2150E333-8FDC-42A3-9474-1A3956D46DE8}") = "test", "test", "{F10AA149-2626-486E-85BB-9CD5365F3016}"
EndProject
Project("{9A19103F-16F7-4668-BE54-9A1E7A4F7556}") = "HayataDestek.Web.Core", "src\HayataDestek.Web.Core\HayataDestek.Web.Core.csproj", "{0FA75A5B-AB83-4FD0-B545-279774C01E87}"
EndProject
Project("{9A19103F-16F7-4668-BE54-9A1E7A4F7556}") = "HayataDestek.Web.Application", "src\HayataDestek.Web.Application\HayataDestek.Web.Application.csproj", "{3870C648-4AEA-4B85-BA3F-F2F63B96136A}"
EndProject
Project("{9A19103F-16F7-4668-BE54-9A1E7A4F7556}") = "HayataDestek.Web.Tests", "test\HayataDestek.Web.Tests\HayataDestek.Web.Tests.csproj", "{0D4C5D00-C144-4213-A007-4B8944113AB1}"
EndProject
Project("{9A19103F-16F7-4668-BE54-9A1E7A4F7556}") = "HayataDestek.Web.Migrator", "src\HayataDestek.Web.Migrator\HayataDestek.Web.Migrator.csproj", "{880B3591-E057-46FE-B525-10BD83828B93}"
EndProject
Project("{9A19103F-16F7-4668-BE54-9A1E7A4F7556}") = "HayataDestek.Web.Web.Host", "src\HayataDestek.Web.Web.Host\HayataDestek.Web.Web.Host.csproj", "{38E184BD-E874-4633-A947-AED4FDB73F40}"
EndProject
Project("{9A19103F-16F7-4668-BE54-9A1E7A4F7556}") = "HayataDestek.Web.Web.Core", "src\HayataDestek.Web.Web.Core\HayataDestek.Web.Web.Core.csproj", "{22CFE0D2-8DCA-42D7-AD7D-784C3862493F}"
EndProject
Project("{9A19103F-16F7-4668-BE54-9A1E7A4F7556}") = "HayataDestek.Web.Web.Mvc", "src\HayataDestek.Web.Web.Mvc\HayataDestek.Web.Web.Mvc.csproj", "{A2213374-BB48-48FD-BBD4-81E6A961D866}"
EndProject
Project("{9A19103F-16F7-4668-BE54-9A1E7A4F7556}") = "HayataDestek.Web.EntityFrameworkCore", "src\HayataDestek.Web.EntityFrameworkCore\HayataDestek.Web.EntityFrameworkCore.csproj", "{E0580562-F8F2-4EBB-B07A-ABFC6F2C314F}"
EndProject
Project("{9A19103F-16F7-4668-BE54-9A1E7A4F7556}") = "HayataDestek.Web.Web.Tests", "test\HayataDestek.Web.Web.Tests\HayataDestek.Web.Web.Tests.csproj", "{CA86CF6F-5D9E-4DAC-9CCB-0F87B519E087}"
EndProject
Project("{2150E333-8FDC-42A3-9474-1A3956D46DE8}") = "abp", "abp", "{3C9560C5-96B3-4787-890E-8F937D7B89D4}"
EndProject
Project("{9A19103F-16F7-4668-BE54-9A1E7A4F7556}") = "Abp.AutoMapper", "abp\Abp.AutoMapper\Abp.AutoMapper.csproj", "{FFD8307B-B460-492F-A1B6-1ABDA85A2C71}"
EndProject
Project("{9A19103F-16F7-4668-BE54-9A1E7A4F7556}") = "Abp", "abp\Abp\Abp.csproj", "{BBFFF607-2A6D-47E7-ACA8-40BE5DA3FFA4}"
EndProject
Project("{9A19103F-16F7-4668-BE54-9A1E7A4F7556}") = "Abp.AspNetCore", "abp\Abp.AspNetCore\Abp.AspNetCore.csproj", "{150CBBE0-28D3-4511-A83B-9A3C5F639E6E}"
EndProject
Project("{9A19103F-16F7-4668-BE54-9A1E7A4F7556}") = "Abp.AspNetCore.SignalR", "abp\Abp.AspNetCore.SignalR\Abp.AspNetCore.SignalR.csproj", "{99270ECA-74C4-4ED8-AB96-DB45B12DD472}"
EndProject
Project("{9A19103F-16F7-4668-BE54-9A1E7A4F7556}") = "Abp.ZeroCore", "abp\Abp.ZeroCore\Abp.ZeroCore.csproj", "{D32B98F4-C79B-4C00-8A4C-3AA280275003}"
EndProject
Project("{9A19103F-16F7-4668-BE54-9A1E7A4F7556}") = "Abp.Zero.Common", "abp\Abp.Zero.Common\Abp.Zero.Common.csproj", "{72BB7CB4-AEE5-4016-A6D9-0AC2F82F2224}"
EndProject
Project("{9A19103F-16F7-4668-BE54-9A1E7A4F7556}") = "Abp.Web.Common", "abp\Abp.Web.Common\Abp.Web.Common.csproj", "{897BD54A-844B-4146-98E4-6E479E94616E}"
EndProject
Project("{9A19103F-16F7-4668-BE54-9A1E7A4F7556}") = "Abp.Castle.Log4Net", "abp\Abp.Castle.Log4Net\Abp.Castle.Log4Net.csproj", "{1E0A4D56-1F87-4E99-A25E-5D5E4E4F73D6}"
EndProject
Project("{9A19103F-16F7-4668-BE54-9A1E7A4F7556}") = "Abp.HangFire", "abp\Abp.HangFire\Abp.HangFire.csproj", "{01D6CF2D-A333-4493-8E56-0CE36D859C02}"
EndProject
Project("{9A19103F-16F7-4668-BE54-9A1E7A4F7556}") = "Abp.RedisCache", "abp\Abp.RedisCache\Abp.RedisCache.csproj", "{69E679AC-6E76-4162-9111-CA07810043A3}"
EndProject
Project("{9A19103F-16F7-4668-BE54-9A1E7A4F7556}") = "Abp.ZeroCore.EntityFrameworkCore", "abp\Abp.ZeroCore.EntityFrameworkCore\Abp.ZeroCore.EntityFrameworkCore.csproj", "{24C7C68F-86F3-4557-8876-0AC109FBC5EF}"
EndProject
Project("{9A19103F-16F7-4668-BE54-9A1E7A4F7556}") = "Abp.EntityFrameworkCore", "abp\Abp.EntityFrameworkCore\Abp.EntityFrameworkCore.csproj", "{AC0AB9FC-1575-4785-A919-63F873F1D29E}"
EndProject
Project("{9A19103F-16F7-4668-BE54-9A1E7A4F7556}") = "Abp.EntityFramework.Common", "abp\Abp.EntityFramework.Common\Abp.EntityFramework.Common.csproj", "{635C543A-B29B-4152-852D-5FAB7745A09D}"
EndProject
Global
	GlobalSection(SolutionConfigurationPlatforms) = preSolution
		Debug|Any CPU = Debug|Any CPU
		Release|Any CPU = Release|Any CPU
	EndGlobalSection
	GlobalSection(ProjectConfigurationPlatforms) = postSolution
		{0FA75A5B-AB83-4FD0-B545-279774C01E87}.Debug|Any CPU.ActiveCfg = Debug|Any CPU
		{0FA75A5B-AB83-4FD0-B545-279774C01E87}.Debug|Any CPU.Build.0 = Debug|Any CPU
		{0FA75A5B-AB83-4FD0-B545-279774C01E87}.Release|Any CPU.ActiveCfg = Release|Any CPU
		{0FA75A5B-AB83-4FD0-B545-279774C01E87}.Release|Any CPU.Build.0 = Release|Any CPU
		{3870C648-4AEA-4B85-BA3F-F2F63B96136A}.Debug|Any CPU.ActiveCfg = Debug|Any CPU
		{3870C648-4AEA-4B85-BA3F-F2F63B96136A}.Debug|Any CPU.Build.0 = Debug|Any CPU
		{3870C648-4AEA-4B85-BA3F-F2F63B96136A}.Release|Any CPU.ActiveCfg = Release|Any CPU
		{3870C648-4AEA-4B85-BA3F-F2F63B96136A}.Release|Any CPU.Build.0 = Release|Any CPU
		{0D4C5D00-C144-4213-A007-4B8944113AB1}.Debug|Any CPU.ActiveCfg = Debug|Any CPU
		{0D4C5D00-C144-4213-A007-4B8944113AB1}.Debug|Any CPU.Build.0 = Debug|Any CPU
		{0D4C5D00-C144-4213-A007-4B8944113AB1}.Release|Any CPU.ActiveCfg = Release|Any CPU
		{0D4C5D00-C144-4213-A007-4B8944113AB1}.Release|Any CPU.Build.0 = Release|Any CPU
		{880B3591-E057-46FE-B525-10BD83828B93}.Debug|Any CPU.ActiveCfg = Debug|Any CPU
		{880B3591-E057-46FE-B525-10BD83828B93}.Debug|Any CPU.Build.0 = Debug|Any CPU
		{880B3591-E057-46FE-B525-10BD83828B93}.Release|Any CPU.ActiveCfg = Release|Any CPU
		{880B3591-E057-46FE-B525-10BD83828B93}.Release|Any CPU.Build.0 = Release|Any CPU
		{38E184BD-E874-4633-A947-AED4FDB73F40}.Debug|Any CPU.ActiveCfg = Debug|Any CPU
		{38E184BD-E874-4633-A947-AED4FDB73F40}.Debug|Any CPU.Build.0 = Debug|Any CPU
		{38E184BD-E874-4633-A947-AED4FDB73F40}.Release|Any CPU.ActiveCfg = Release|Any CPU
		{38E184BD-E874-4633-A947-AED4FDB73F40}.Release|Any CPU.Build.0 = Release|Any CPU
		{22CFE0D2-8DCA-42D7-AD7D-784C3862493F}.Debug|Any CPU.ActiveCfg = Debug|Any CPU
		{22CFE0D2-8DCA-42D7-AD7D-784C3862493F}.Debug|Any CPU.Build.0 = Debug|Any CPU
		{22CFE0D2-8DCA-42D7-AD7D-784C3862493F}.Release|Any CPU.ActiveCfg = Release|Any CPU
		{22CFE0D2-8DCA-42D7-AD7D-784C3862493F}.Release|Any CPU.Build.0 = Release|Any CPU
		{A2213374-BB48-48FD-BBD4-81E6A961D866}.Debug|Any CPU.ActiveCfg = Debug|Any CPU
		{A2213374-BB48-48FD-BBD4-81E6A961D866}.Debug|Any CPU.Build.0 = Debug|Any CPU
		{A2213374-BB48-48FD-BBD4-81E6A961D866}.Release|Any CPU.ActiveCfg = Release|Any CPU
		{A2213374-BB48-48FD-BBD4-81E6A961D866}.Release|Any CPU.Build.0 = Release|Any CPU
		{E0580562-F8F2-4EBB-B07A-ABFC6F2C314F}.Debug|Any CPU.ActiveCfg = Debug|Any CPU
		{E0580562-F8F2-4EBB-B07A-ABFC6F2C314F}.Debug|Any CPU.Build.0 = Debug|Any CPU
		{E0580562-F8F2-4EBB-B07A-ABFC6F2C314F}.Release|Any CPU.ActiveCfg = Release|Any CPU
		{E0580562-F8F2-4EBB-B07A-ABFC6F2C314F}.Release|Any CPU.Build.0 = Release|Any CPU
		{CA86CF6F-5D9E-4DAC-9CCB-0F87B519E087}.Debug|Any CPU.ActiveCfg = Debug|Any CPU
		{CA86CF6F-5D9E-4DAC-9CCB-0F87B519E087}.Debug|Any CPU.Build.0 = Debug|Any CPU
		{CA86CF6F-5D9E-4DAC-9CCB-0F87B519E087}.Release|Any CPU.ActiveCfg = Release|Any CPU
		{CA86CF6F-5D9E-4DAC-9CCB-0F87B519E087}.Release|Any CPU.Build.0 = Release|Any CPU
		{FFD8307B-B460-492F-A1B6-1ABDA85A2C71}.Debug|Any CPU.ActiveCfg = Debug|Any CPU
		{FFD8307B-B460-492F-A1B6-1ABDA85A2C71}.Debug|Any CPU.Build.0 = Debug|Any CPU
		{FFD8307B-B460-492F-A1B6-1ABDA85A2C71}.Release|Any CPU.ActiveCfg = Release|Any CPU
		{FFD8307B-B460-492F-A1B6-1ABDA85A2C71}.Release|Any CPU.Build.0 = Release|Any CPU
		{BBFFF607-2A6D-47E7-ACA8-40BE5DA3FFA4}.Debug|Any CPU.ActiveCfg = Debug|Any CPU
		{BBFFF607-2A6D-47E7-ACA8-40BE5DA3FFA4}.Debug|Any CPU.Build.0 = Debug|Any CPU
		{BBFFF607-2A6D-47E7-ACA8-40BE5DA3FFA4}.Release|Any CPU.ActiveCfg = Release|Any CPU
		{BBFFF607-2A6D-47E7-ACA8-40BE5DA3FFA4}.Release|Any CPU.Build.0 = Release|Any CPU
		{150CBBE0-28D3-4511-A83B-9A3C5F639E6E}.Debug|Any CPU.ActiveCfg = Debug|Any CPU
		{150CBBE0-28D3-4511-A83B-9A3C5F639E6E}.Debug|Any CPU.Build.0 = Debug|Any CPU
		{150CBBE0-28D3-4511-A83B-9A3C5F639E6E}.Release|Any CPU.ActiveCfg = Release|Any CPU
		{150CBBE0-28D3-4511-A83B-9A3C5F639E6E}.Release|Any CPU.Build.0 = Release|Any CPU
		{99270ECA-74C4-4ED8-AB96-DB45B12DD472}.Debug|Any CPU.ActiveCfg = Debug|Any CPU
		{99270ECA-74C4-4ED8-AB96-DB45B12DD472}.Debug|Any CPU.Build.0 = Debug|Any CPU
		{99270ECA-74C4-4ED8-AB96-DB45B12DD472}.Release|Any CPU.ActiveCfg = Release|Any CPU
		{99270ECA-74C4-4ED8-AB96-DB45B12DD472}.Release|Any CPU.Build.0 = Release|Any CPU
		{D32B98F4-C79B-4C00-8A4C-3AA280275003}.Debug|Any CPU.ActiveCfg = Debug|Any CPU
		{D32B98F4-C79B-4C00-8A4C-3AA280275003}.Debug|Any CPU.Build.0 = Debug|Any CPU
		{D32B98F4-C79B-4C00-8A4C-3AA280275003}.Release|Any CPU.ActiveCfg = Release|Any CPU
		{D32B98F4-C79B-4C00-8A4C-3AA280275003}.Release|Any CPU.Build.0 = Release|Any CPU
		{72BB7CB4-AEE5-4016-A6D9-0AC2F82F2224}.Debug|Any CPU.ActiveCfg = Debug|Any CPU
		{72BB7CB4-AEE5-4016-A6D9-0AC2F82F2224}.Debug|Any CPU.Build.0 = Debug|Any CPU
		{72BB7CB4-AEE5-4016-A6D9-0AC2F82F2224}.Release|Any CPU.ActiveCfg = Release|Any CPU
		{72BB7CB4-AEE5-4016-A6D9-0AC2F82F2224}.Release|Any CPU.Build.0 = Release|Any CPU
		{897BD54A-844B-4146-98E4-6E479E94616E}.Debug|Any CPU.ActiveCfg = Debug|Any CPU
		{897BD54A-844B-4146-98E4-6E479E94616E}.Debug|Any CPU.Build.0 = Debug|Any CPU
		{897BD54A-844B-4146-98E4-6E479E94616E}.Release|Any CPU.ActiveCfg = Release|Any CPU
		{897BD54A-844B-4146-98E4-6E479E94616E}.Release|Any CPU.Build.0 = Release|Any CPU
		{1E0A4D56-1F87-4E99-A25E-5D5E4E4F73D6}.Debug|Any CPU.ActiveCfg = Debug|Any CPU
		{1E0A4D56-1F87-4E99-A25E-5D5E4E4F73D6}.Debug|Any CPU.Build.0 = Debug|Any CPU
		{1E0A4D56-1F87-4E99-A25E-5D5E4E4F73D6}.Release|Any CPU.ActiveCfg = Release|Any CPU
		{1E0A4D56-1F87-4E99-A25E-5D5E4E4F73D6}.Release|Any CPU.Build.0 = Release|Any CPU
		{01D6CF2D-A333-4493-8E56-0CE36D859C02}.Debug|Any CPU.ActiveCfg = Debug|Any CPU
		{01D6CF2D-A333-4493-8E56-0CE36D859C02}.Debug|Any CPU.Build.0 = Debug|Any CPU
		{01D6CF2D-A333-4493-8E56-0CE36D859C02}.Release|Any CPU.ActiveCfg = Release|Any CPU
		{01D6CF2D-A333-4493-8E56-0CE36D859C02}.Release|Any CPU.Build.0 = Release|Any CPU
		{69E679AC-6E76-4162-9111-CA07810043A3}.Debug|Any CPU.ActiveCfg = Debug|Any CPU
		{69E679AC-6E76-4162-9111-CA07810043A3}.Debug|Any CPU.Build.0 = Debug|Any CPU
		{69E679AC-6E76-4162-9111-CA07810043A3}.Release|Any CPU.ActiveCfg = Release|Any CPU
		{69E679AC-6E76-4162-9111-CA07810043A3}.Release|Any CPU.Build.0 = Release|Any CPU
		{24C7C68F-86F3-4557-8876-0AC109FBC5EF}.Debug|Any CPU.ActiveCfg = Debug|Any CPU
		{24C7C68F-86F3-4557-8876-0AC109FBC5EF}.Debug|Any CPU.Build.0 = Debug|Any CPU
		{24C7C68F-86F3-4557-8876-0AC109FBC5EF}.Release|Any CPU.ActiveCfg = Release|Any CPU
		{24C7C68F-86F3-4557-8876-0AC109FBC5EF}.Release|Any CPU.Build.0 = Release|Any CPU
		{AC0AB9FC-1575-4785-A919-63F873F1D29E}.Debug|Any CPU.ActiveCfg = Debug|Any CPU
		{AC0AB9FC-1575-4785-A919-63F873F1D29E}.Debug|Any CPU.Build.0 = Debug|Any CPU
		{AC0AB9FC-1575-4785-A919-63F873F1D29E}.Release|Any CPU.ActiveCfg = Release|Any CPU
		{AC0AB9FC-1575-4785-A919-63F873F1D29E}.Release|Any CPU.Build.0 = Release|Any CPU
		{635C543A-B29B-4152-852D-5FAB7745A09D}.Debug|Any CPU.ActiveCfg = Debug|Any CPU
		{635C543A-B29B-4152-852D-5FAB7745A09D}.Debug|Any CPU.Build.0 = Debug|Any CPU
		{635C543A-B29B-4152-852D-5FAB7745A09D}.Release|Any CPU.ActiveCfg = Release|Any CPU
		{635C543A-B29B-4152-852D-5FAB7745A09D}.Release|Any CPU.Build.0 = Release|Any CPU
	EndGlobalSection
	GlobalSection(SolutionProperties) = preSolution
		HideSolutionNode = FALSE
	EndGlobalSection
	GlobalSection(NestedProjects) = preSolution
		{0FA75A5B-AB83-4FD0-B545-279774C01E87} = {AFAA0841-BD93-466F-B8F4-FB4EEC86F1FC}
		{3870C648-4AEA-4B85-BA3F-F2F63B96136A} = {AFAA0841-BD93-466F-B8F4-FB4EEC86F1FC}
		{0D4C5D00-C144-4213-A007-4B8944113AB1} = {F10AA149-2626-486E-85BB-9CD5365F3016}
		{880B3591-E057-46FE-B525-10BD83828B93} = {AFAA0841-BD93-466F-B8F4-FB4EEC86F1FC}
		{38E184BD-E874-4633-A947-AED4FDB73F40} = {AFAA0841-BD93-466F-B8F4-FB4EEC86F1FC}
		{22CFE0D2-8DCA-42D7-AD7D-784C3862493F} = {AFAA0841-BD93-466F-B8F4-FB4EEC86F1FC}
		{A2213374-BB48-48FD-BBD4-81E6A961D866} = {AFAA0841-BD93-466F-B8F4-FB4EEC86F1FC}
		{E0580562-F8F2-4EBB-B07A-ABFC6F2C314F} = {AFAA0841-BD93-466F-B8F4-FB4EEC86F1FC}
		{CA86CF6F-5D9E-4DAC-9CCB-0F87B519E087} = {F10AA149-2626-486E-85BB-9CD5365F3016}
		{FFD8307B-B460-492F-A1B6-1ABDA85A2C71} = {3C9560C5-96B3-4787-890E-8F937D7B89D4}
		{BBFFF607-2A6D-47E7-ACA8-40BE5DA3FFA4} = {3C9560C5-96B3-4787-890E-8F937D7B89D4}
		{150CBBE0-28D3-4511-A83B-9A3C5F639E6E} = {3C9560C5-96B3-4787-890E-8F937D7B89D4}
		{99270ECA-74C4-4ED8-AB96-DB45B12DD472} = {3C9560C5-96B3-4787-890E-8F937D7B89D4}
		{D32B98F4-C79B-4C00-8A4C-3AA280275003} = {3C9560C5-96B3-4787-890E-8F937D7B89D4}
		{72BB7CB4-AEE5-4016-A6D9-0AC2F82F2224} = {3C9560C5-96B3-4787-890E-8F937D7B89D4}
		{897BD54A-844B-4146-98E4-6E479E94616E} = {3C9560C5-96B3-4787-890E-8F937D7B89D4}
		{1E0A4D56-1F87-4E99-A25E-5D5E4E4F73D6} = {3C9560C5-96B3-4787-890E-8F937D7B89D4}
		{01D6CF2D-A333-4493-8E56-0CE36D859C02} = {3C9560C5-96B3-4787-890E-8F937D7B89D4}
		{69E679AC-6E76-4162-9111-CA07810043A3} = {3C9560C5-96B3-4787-890E-8F937D7B89D4}
		{24C7C68F-86F3-4557-8876-0AC109FBC5EF} = {3C9560C5-96B3-4787-890E-8F937D7B89D4}
		{AC0AB9FC-1575-4785-A919-63F873F1D29E} = {3C9560C5-96B3-4787-890E-8F937D7B89D4}
		{635C543A-B29B-4152-852D-5FAB7745A09D} = {3C9560C5-96B3-4787-890E-8F937D7B89D4}
	EndGlobalSection
	GlobalSection(ExtensibilityGlobals) = postSolution
		SolutionGuid = {9A55C749-0BFF-4EFD-8499-12A2CB3B5B07}
	EndGlobalSection
EndGlobal
